{
  "version": "5",
  "specifiers": {
    "jsr:@std/assert@1.0.14": "1.0.14",
    "jsr:@std/internal@^1.0.10": "1.0.14",
    "jsr:@std/yaml@1.1.2": "1.1.2",
    "npm:ssh2@1.17.0": "1.17.0"
  },
  "jsr": {
    "@std/assert@1.0.14": {
      "integrity": "68d0d4a43b365abc927f45a9b85c639ea18a9fab96ad92281e493e4ed84abaa4",
      "dependencies": [
        "jsr:@std/internal"
      ]
    },
    "@std/internal@1.0.14": {
      "integrity": "291516b3d4c35024d6ffbc0a9df5bf4c64116e05b50012cf846710152d2ffdf7"
    },
    "@std/yaml@1.1.2": {
      "integrity": "de612653c036749ba2044165e316f52412b0f0698afffb7ee80b5331d6d2abae"
    }
  },
  "npm": {
    "asn1@0.2.6": {
      "integrity": "sha512-ix/FxPn0MDjeyJ7i/yoHGFt/EX6LyNbxSEhPPXODPL+KB0VPk86UYfL0lMdy+KCnv+fmvIzySwaK5COwqVbWTQ==",
      "dependencies": [
        "safer-buffer"
      ]
    },
    "bcrypt-pbkdf@1.0.2": {
      "integrity": "sha512-qeFIXtP4MSoi6NLqO12WfqARWWuCKi2Rn/9hJLEmtB5yTNr9DqFWkJRCf2qShWzPeAMRnOgCrq0sg/KLv5ES9w==",
      "dependencies": [
        "tweetnacl"
      ]
    },
    "buildcheck@0.0.7": {
      "integrity": "sha512-lHblz4ahamxpTmnsk+MNTRWsjYKv965MwOrSJyeD588rR3Jcu7swE+0wN5F+PbL5cjgu/9ObkhfzEPuofEMwLA=="
    },
    "cpu-features@0.0.10": {
      "integrity": "sha512-9IkYqtX3YHPCzoVg1Py+o9057a3i0fp7S530UWokCSaFVTc7CwXPRiOjRjBQQ18ZCNafx78YfnG+HALxtVmOGA==",
      "dependencies": [
        "buildcheck",
        "nan"
      ],
      "scripts": true
    },
    "nan@2.28.0": {
      "integrity": "sha512-fTsDz99OTq2sVePhGdp4qQhggZFtKr64ZNVyVajRKtMOkJxYekplBh577PiJB12v/D3s2E5cGtOI45LWp6rnLQ=="
    },
    "safer-buffer@2.1.2": {
      "integrity": "sha512-YZo3K82SD7Riyi0E1EQPojLz7kpepnSQI9IyPbHHg1XXXevb5dJI7tpyN2ADxGcQbHG7vcyRHk0cbwqcQriUtg=="
    },
    "ssh2@1.17.0": {
      "integrity": "sha512-wPldCk3asibAjQ/kziWQQt1Wh3PgDFpC0XpwclzKcdT1vql6KeYxf5LIt4nlFkUeR8WuphYMKqUA56X4rjbfgQ==",
      "dependencies": [
        "asn1",
        "bcrypt-pbkdf"
      ],
      "optionalDependencies": [
        "cpu-features",
        "nan"
      ],
      "scripts": true
    },
    "tweetnacl@0.14.5": {
      "integrity": "sha512-KXXFFdAbFXY4geFIwoyNK+f5Z1b7swfXABfL7HXCmoIWMKU3dmS26672A4EeQtDzLKy7SXmfBu51JolvEKwtGA=="
    }
  },
  "workspace": {
    "dependencies": [
      "jsr:@std/assert@1.0.14",
      "jsr:@std/yaml@1.1.2",
      "npm:ssh2@1.17.0"
    ]
  }
}
